// !$*UTF8*$!
{
	archiveVersion = 1;
	classes = {
	};
	objectVersion = 46;
	objects = {

/* Begin PBXBuildFile section */
		25803DA51DED7CC600357E9A /* main.m in Sources */ = {isa = PBXBuildFile; fileRef = 25803DA41DED7CC600357E9A /* main.m */; };
		25803DA81DED7CC600357E9A /* AppDelegate.m in Sources */ = {isa = PBXBuildFile; fileRef = 25803DA71DED7CC600357E9A /* AppDelegate.m */; };
		25803DAB1DED7CC600357E9A /* ViewController.m in Sources */ = {isa = PBXBuildFile; fileRef = 25803DAA1DED7CC600357E9A /* ViewController.m */; };
		25803DAE1DED7CC600357E9A /* Main.storyboard in Resources */ = {isa = PBXBuildFile; fileRef = 25803DAC1DED7CC600357E9A /* Main.storyboard */; };
		25803DB01DED7CC600357E9A /* Assets.xcassets in Resources */ = {isa = PBXBuildFile; fileRef = 25803DAF1DED7CC600357E9A /* Assets.xcassets */; };
		25803DB31DED7CC600357E9A /* LaunchScreen.storyboard in Resources */ = {isa = PBXBuildFile; fileRef = 25803DB11DED7CC600357E9A /* LaunchScreen.storyboard */; };
/* End PBXBuildFile section */

/* Begin PBXFileReference section */
		25803DA01DED7CC600357E9A /* RACDemo.app */ = {isa = PBXFileReference; explicitFileType = wrapper.application; includeInIndex = 0; path = RACDemo.app; sourceTree = BUILT_PRODUCTS_DIR; };
		25803DA41DED7CC600357E9A /* main.m */ = {isa = PBXFileReference; lastKnownFileType = sourcecode.c.objc; path = main.m; sourceTree = "<group>"; };
		25803DA61DED7CC600357E9A /* AppDelegate.h */ = {isa = PBXFileReference; lastKnownFileType = sourcecode.c.h; path = AppDelegate.h; sourceTree = "<group>"; };
		25803DA71DED7CC600357E9A /* AppDelegate.m */ = {isa = PBXFileReference; lastKnownFileType = sourcecode.c.objc; path = AppDelegate.m; sourceTree = "<group>"; };
		25803DA91DED7CC600357E9A /* ViewController.h */ = {isa = PBXFileReference; lastKnownFileType = sourcecode.c.h; path = ViewController.h; sourceTree = "<group>"; };
		25803DAA1DED7CC600357E9A /* ViewController.m */ = {isa = PBXFileReference; lastKnownFileType = sourcecode.c.objc; path = ViewController.m; sourceTree = "<group>"; };
		25803DAD1DED7CC600357E9A /* Base */ = {isa = PBXFileReference; lastKnownFileType = file.storyboard; name = Base; path = Base.lproj/Main.storyboard; sourceTree = "<group>"; };
		25803DAF1DED7CC600357E9A /* Assets.xcassets */ = {isa = PBXFileReference; lastKnownFileType = folder.assetcatalog; path = Assets.xcassets; sourceTree = "<group>"; };
		25803DB21DED7CC600357E9A /* Base */ = {isa = PBXFileReference; lastKnownFileType = file.storyboard; name = Base; path = Base.lproj/LaunchScreen.storyboard; sourceTree = "<group>"; };
		25803DB41DED7CC600357E9A /* Info.plist */ = {isa = PBXFileReference; lastKnownFileType = text.plist.xml; path = Info.plist; sourceTree = "<group>"; };
/* End PBXFileReference section */

/* Begin PBXFrameworksBuildPhase section */
		25803D9D1DED7CC600357E9A /* Frameworks */ = {
			isa = PBXFrameworksBuildPhase;
			buildActionMask = 2147483647;
			files = (
			);
			runOnlyForDeploymentPostprocessing = 0;
		};
/* End PBXFrameworksBuildPhase section */

/* Begin PBXGroup section */
		25803D971DED7CC600357E9A = {
			isa = PBXGroup;
			children = (
				25803DA21DED7CC600357E9A /* RACDemo */,
				25803DA11DED7CC600357E9A /* Products */,
			);
			sourceTree = "<group>";
		};
		25803DA11DED7CC600357E9A /* Products */ = {
			isa = PBXGroup;
			children = (
				25803DA01DED7CC600357E9A /* RACDemo.app */,
			);
			name = Products;
			sourceTree = "<group>";
		};
		25803DA21DED7CC600357E9A /* RACDemo */ = {
			isa = PBXGroup;
			children = (
				25803DBA1DED7CFB00357E9A /* 我的框架 */,
				25803DA61DED7CC600357E9A /* AppDelegate.h */,
				25803DA71DED7CC600357E9A /* AppDelegate.m */,
				25803DA91DED7CC600357E9A /* ViewController.h */,
				25803DAA1DED7CC600357E9A /* ViewController.m */,
				25803DAC1DED7CC600357E9A /* Main.storyboard */,
				25803DAF1DED7CC600357E9A /* Assets.xcassets */,
				25803DB11DED7CC600357E9A /* LaunchScreen.storyboard */,
				25803DB41DED7CC600357E9A /* Info.plist */,
				25803DA31DED7CC600357E9A /* Supporting Files */,
			);
			path = RACDemo;
			sourceTree = "<group>";
		};
		25803DA31DED7CC600357E9A /* Supporting Files */ = {
			isa = PBXGroup;
			children = (
				25803DA41DED7CC600357E9A /* main.m */,
			);
			name = "Supporting Files";
			sourceTree = "<group>";
		};
		25803DBA1DED7CFB00357E9A /* 我的框架 */ = {
			isa = PBXGroup;
			children = (
			);
			path = "我的框架";
			sourceTree = "<group>";
		};
/* End PBXGroup section */

/* Begin PBXNativeTarget section */
		25803D9F1DED7CC600357E9A /* RACDemo */ = {
			isa = PBXNativeTarget;
			buildConfigurationList = 25803DB71DED7CC600357E9A /* Build configuration list for PBXNativeTarget "RACDemo" */;
			buildPhases = (
				25803D9C1DED7CC600357E9A /* Sources */,
				25803D9D1DED7CC600357E9A /* Frameworks */,
				25803D9E1DED7CC600357E9A /* Resources */,
			);
			buildRules = (
			);
			dependencies = (
			);
			name = RACDemo;
			productName = RACDemo;
			productReference = 25803DA01DED7CC600357E9A /* RACDemo.app */;
			productType = "com.apple.product-type.application";
		};
/* End PBXNativeTarget section */

/* Begin PBXProject section */
		25803D981DED7CC600357E9A /* Project object */ = {
			isa = PBXProject;
			attributes = {
				LastUpgradeCheck = 0800;
				ORGANIZATIONNAME = " JiangChao";
				TargetAttributes = {
					25803D9F1DED7CC600357E9A = {
						CreatedOnToolsVersion = 8.0;
						ProvisioningStyle = Automatic;
					};
				};
			};
			buildConfigurationList = 25803D9B1DED7CC600357E9A /* Build configuration list for PBXProject "RACDemo" */;
			compatibilityVersion = "Xcode 3.2";
			developmentRegion = English;
			hasScannedForEncodings = 0;
			knownRegions = (
				en,
				Base,
			);
			mainGroup = 25803D971DED7CC600357E9A;
			productRefGroup = 25803DA11DED7CC600357E9A /* Products */;
			projectDirPath = "";
			projectRoot = "";
			targets = (
				25803D9F1DED7CC600357E9A /* RACDemo */,
			);
		};
/* End PBXProject section */

/* Begin PBXResourcesBuildPhase section */
		25803D9E1DED7CC600357E9A /* Resources */ = {
			isa = PBXResourcesBuildPhase;
			buildActionMask = 2147483647;
			files = (
				25803DB31DED7CC600357E9A /* LaunchScreen.storyboard in Resources */,
				25803DB01DED7CC600357E9A /* Assets.xcassets in Resources */,
				25803DAE1DED7CC600357E9A /* Main.storyboard in Resources */,
			);
			runOnlyForDeploymentPostprocessing = 0;
		};
/* End PBXResourcesBuildPhase section */

/* Begin PBXSourcesBuildPhase section */
		25803D9C1DED7CC600357E9A /* Sources */ = {
			isa = PBXSourcesBuildPhase;
			buildActionMask = 2147483647;
			files = (
				25803DAB1DED7CC600357E9A /* ViewController.m in Sources */,
				25803DA81DED7CC600357E9A /* AppDelegate.m in Sources */,
				25803DA51DED7CC600357E9A /* main.m in Sources */,
			);
			runOnlyForDeploymentPostprocessing = 0;
		};
/* End PBXSourcesBuildPhase section */

/* Begin PBXVariantGroup section */
		25803DAC1DED7CC600357E9A /* Main.storyboard */ = {
			isa = PBXVariantGroup;
			children = (
				25803DAD1DED7CC600357E9A /* Base */,
			);
			name = Main.storyboard;
			sourceTree = "<group>";
		};
		25803DB11DED7CC600357E9A /* LaunchScreen.storyboard */ = {
			isa = PBXVariantGroup;
			children = (
				25803DB21DED7CC600357E9A /* Base */,
			);
			name = LaunchScreen.storyboard;
			sourceTree = "<group>";
		};
/* End PBXVariantGroup section */

/* Begin XCBuildConfiguration section */
		25803DB51DED7CC600357E9A /* Debug */ = {
			isa = XCBuildConfiguration;
			buildSettings = {
				ALWAYS_SEARCH_USER_PATHS = NO;
				CLANG_ANALYZER_NONNULL = YES;
				CLANG_CXX_LANGUAGE_STANDARD = "gnu++0x";
				CLANG_CXX_LIBRARY = "libc++";
				CLANG_ENABLE_MODULES = YES;
				CLANG_ENABLE_OBJC_ARC = YES;
				CLANG_WARN_BOOL_CONVERSION = YES;
				CLANG_WARN_CONSTANT_CONVERSION = YES;
				CLANG_WARN_DIRECT_OBJC_ISA_USAGE = YES_ERROR;
				CLANG_WARN_DOCUMENTATION_COMMENTS = YES;
				CLANG_WARN_EMPTY_BODY = YES;
				CLANG_WARN_ENUM_CONVERSION = YES;
				CLANG_WARN_INFINITE_RECURSION = YES;
				CLANG_WARN_INT_CONVERSION = YES;
				CLANG_WARN_OBJC_ROOT_CLASS = YES_ERROR;
				CLANG_WARN_SUSPICIOUS_MOVES = YES;
				CLANG_WARN_UNREACHABLE_CODE = YES;
				CLANG_WARN__DUPLICATE_METHOD_MATCH = YES;
				"CODE_SIGN_IDENTITY[sdk=iphoneos*]" = "iPhone Developer";
				COPY_PHASE_STRIP = NO;
				DEBUG_INFORMATION_FORMAT = dwarf;
				ENABLE_STRICT_OBJC_MSGSEND = YES;
				ENABLE_TESTABILITY = YES;
				GCC_C_LANGUAGE_STANDARD = gnu99;
				GCC_DYNAMIC_NO_PIC = NO;
				GCC_NO_COMMON_BLOCKS = YES;
				GCC_OPTIMIZATION_LEVEL = 0;
				GCC_PREPROCESSOR_DEFINITIONS = (
					"DEBUG=1",
					"$(inherited)",
				);
				GCC_WARN_64_TO_32_BIT_CONVERSION = YES;
				GCC_WARN_ABOUT_RETURN_TYPE = YES_ERROR;
				GCC_WARN_UNDECLARED_SELECTOR = YES;
				GCC_WARN_UNINITIALIZED_AUTOS = YES_AGGRESSIVE;
				GCC_WARN_UNUSED_FUNCTION = YES;
				GCC_WARN_UNUSED_VARIABLE = YES;
				IPHONEOS_DEPLOYMENT_TARGET = 10.0;
				MTL_ENABLE_DEBUG_INFO = YES;
				ONLY_ACTIVE_ARCH = YES;
				SDKROOT = iphoneos;
			};
			name = Debug;
		};
		25803DB61DED7CC600357E9A /* Release */ = {
			isa = XCBuildConfiguration;
			buildSettings = {
				ALWAYS_SEARCH_USER_PATHS = NO;
				CLANG_ANALYZER_NONNULL = YES;
				CLANG_CXX_LANGUAGE_STANDARD = "gnu++0x";
				CLANG_CXX_LIBRARY = "libc++";
				CLANG_ENABLE_MODULES = YES;
				CLANG_ENABLE_OBJC_ARC = YES;
				CLANG_WARN_BOOL_CONVERSION = YES;
				CLANG_WARN_CONSTANT_CONVERSION = YES;
				CLANG_WARN_DIRECT_OBJC_ISA_USAGE = YES_ERROR;
				CLANG_WARN_DOCUMENTATION_COMMENTS = YES;
				CLANG_WARN_EMPTY_BODY = YES;
				CLANG_WARN_ENUM_CONVERSION = YES;
				CLANG_WARN_INFINITE_RECURSION = YES;
				CLANG_WARN_INT_CONVERSION = YES;
				CLANG_WARN_OBJC_ROOT_CLASS = YES_ERROR;
				CLANG_WARN_SUSPICIOUS_MOVES = YES;
				CLANG_WARN_UNREACHABLE_CODE = YES;
				CLANG_WARN__DUPLICATE_METHOD_MATCH = YES;
				"CODE_SIGN_IDENTITY[sdk=iphoneos*]" = "iPhone Developer";
				COPY_PHASE_STRIP = NO;
				DEBUG_INFORMATION_FORMAT = "dwarf-with-dsym";
				ENABLE_NS_ASSERTIONS = NO;
				ENABLE_STRICT_OBJC_MSGSEND = YES;
				GCC_C_LANGUAGE_STANDARD = gnu99;
				GCC_NO_COMMON_BLOCKS = YES;
				GCC_WARN_64_TO_32_BIT_CONVERSION = YES;
				GCC_WARN_ABOUT_RETURN_TYPE = YES_ERROR;
				GCC_WARN_UNDECLARED_SELECTOR = YES;
				GCC_WARN_UNINITIALIZED_AUTOS = YES_AGGRESSIVE;
				GCC_WARN_UNUSED_FUNCTION = YES;
				GCC_WARN_UNUSED_VARIABLE = YES;
				IPHONEOS_DEPLOYMENT_TARGET = 10.0;
				MTL_ENABLE_DEBUG_INFO = NO;
				SDKROOT = iphoneos;
				VALIDATE_PRODUCT = YES;
			};
			name = Release;
		};
		25803DB81DED7CC600357E9A /* Debug */ = {
			isa = XCBuildConfiguration;
			buildSettings = {
				ASSETCATALOG_COMPILER_APPICON_NAME = AppIcon;
				INFOPLIST_FILE = RACDemo/Info.plist;
				LD_RUNPATH_SEARCH_PATHS = "$(inherited) @executable_path/Frameworks";
				PRODUCT_BUNDLE_IDENTIFIER = jiang.RACDemo;
				PRODUCT_NAME = "$(TARGET_NAME)";
			};
			name = Debug;
		};
		25803DB91DED7CC600357E9A /* Release */ = {
			isa = XCBuildConfiguration;
			buildSettings = {
				ASSETCATALOG_COMPILER_APPICON_NAME = AppIcon;
				INFOPLIST_FILE = RACDemo/Info.plist;
				LD_RUNPATH_SEARCH_PATHS = "$(inherited) @executable_path/Frameworks";
				PRODUCT_BUNDLE_IDENTIFIER = jiang.RACDemo;
				PRODUCT_NAME = "$(TARGET_NAME)";
			};
			name = Release;
		};
/* End XCBuildConfiguration section */

/* Begin XCConfigurationList section */
		25803D9B1DED7CC600357E9A /* Build configuration list for PBXProject "RACDemo" */ = {
			isa = XCConfigurationList;
			buildConfigurations = (
				25803DB51DED7CC600357E9A /* Debug */,
				25803DB61DED7CC600357E9A /* Release */,
			);
			defaultConfigurationIsVisible = 0;
			defaultConfigurationName = Release;
		};
		25803DB71DED7CC600357E9A /* Build configuration list for PBXNativeTarget "RACDemo" */ = {
			isa = XCConfigurationList;
			buildConfigurations = (
				25803DB81DED7CC600357E9A /* Debug */,
				25803DB91DED7CC600357E9A /* Release */,
			);
			defaultConfigurationIsVisible = 0;
		};
/* End XCConfigurationList section */
	};
	rootObject = 25803D981DED7CC600357E9A /* Project object */;
}
